
Microsoft Visual Studio Solution File, Format Version 12.00
Project("{FAE04EC0-301F-11D3-BF4B-00C04F79EFBC}") = "TestArena", "TestArena\TestArena.csproj", "{AC856579-17F1-46E7-924F-0113CE0B573C}"
EndProject
Global
	GlobalSection(SolutionConfigurationPlatforms) = preSolution
		Debug|Any CPU = Debug|Any CPU
		Release|Any CPU = Release|Any CPU
	EndGlobalSection
	GlobalSection(ProjectConfigurationPlatforms) = postSolution
		{AC856579-17F1-46E7-924F-0113CE0B573C}.Debug|Any CPU.ActiveCfg = Debug|Any CPU
		{AC856579-17F1-46E7-924F-0113CE0B573C}.Debug|Any CPU.Build.0 = Debug|Any CPU
		{AC856579-17F1-46E7-924F-0113CE0B573C}.Release|Any CPU.ActiveCfg = Release|Any CPU
		{AC856579-17F1-46E7-924F-0113CE0B573C}.Release|Any CPU.Build.0 = Release|Any CPU
	EndGlobalSection
EndGlobal
